
Microsoft Visual Studio Solution File, Format Version 12.00
Project("{FAE04EC0-301F-11D3-BF4B-00C04F79EFBC}") = "WebAPI", "WebAPI\WebAPI.csproj", "{67CA70EE-45CC-4DD1-A7B1-4D4C6DADFC36}"
EndProject
Project("{FAE04EC0-301F-11D3-BF4B-00C04F79EFBC}") = "Blazor", "Blazor\Blazor.csproj", "{76D8B725-8C2D-43FD-B3F2-D482383CF012}"
EndProject
Global
	GlobalSection(SolutionConfigurationPlatforms) = preSolution
		Debug|Any CPU = Debug|Any CPU
		Release|Any CPU = Release|Any CPU
	EndGlobalSection
	GlobalSection(ProjectConfigurationPlatforms) = postSolution
		{67CA70EE-45CC-4DD1-A7B1-4D4C6DADFC36}.Debug|Any CPU.ActiveCfg = Debug|Any CPU
		{67CA70EE-45CC-4DD1-A7B1-4D4C6DADFC36}.Debug|Any CPU.Build.0 = Debug|Any CPU
		{67CA70EE-45CC-4DD1-A7B1-4D4C6DADFC36}.Release|Any CPU.ActiveCfg = Release|Any CPU
		{67CA70EE-45CC-4DD1-A7B1-4D4C6DADFC36}.Release|Any CPU.Build.0 = Release|Any CPU
		{76D8B725-8C2D-43FD-B3F2-D482383CF012}.Debug|Any CPU.ActiveCfg = Debug|Any CPU
		{76D8B725-8C2D-43FD-B3F2-D482383CF012}.Debug|Any CPU.Build.0 = Debug|Any CPU
		{76D8B725-8C2D-43FD-B3F2-D482383CF012}.Release|Any CPU.ActiveCfg = Release|Any CPU
		{76D8B725-8C2D-43FD-B3F2-D482383CF012}.Release|Any CPU.Build.0 = Release|Any CPU
	EndGlobalSection
EndGlobal
